
Microsoft Visual Studio Solution File, Format Version 12.00
# Visual Studio Version 16
VisualStudioVersion = 16.0.30225.117
MinimumVisualStudioVersion = 10.0.40219.1
Project("{FAE04EC0-301F-11D3-BF4B-00C04F79EFBC}") = "ArturDevOps", "ArturDevOps\ArturDevOps.csproj", "{6BB9226E-A502-436F-A1BB-E2C698965289}"
EndProject
Global
	GlobalSection(SolutionConfigurationPlatforms) = preSolution
		Debug|Any CPU = Debug|Any CPU
		Release|Any CPU = Release|Any CPU
	EndGlobalSection
	GlobalSection(ProjectConfigurationPlatforms) = postSolution
		{6BB9226E-A502-436F-A1BB-E2C698965289}.Debug|Any CPU.ActiveCfg = Debug|Any CPU
		{6BB9226E-A502-436F-A1BB-E2C698965289}.Debug|Any CPU.Build.0 = Debug|Any CPU
		{6BB9226E-A502-436F-A1BB-E2C698965289}.Release|Any CPU.ActiveCfg = Release|Any CPU
		{6BB9226E-A502-436F-A1BB-E2C698965289}.Release|Any CPU.Build.0 = Release|Any CPU
	EndGlobalSection
	GlobalSection(SolutionProperties) = preSolution
		HideSolutionNode = FALSE
	EndGlobalSection
	GlobalSection(ExtensibilityGlobals) = postSolution
		SolutionGuid = {07FB19A2-D8A3-430B-A7EB-42538A602024}
	EndGlobalSection
EndGlobal
